
Microsoft Visual Studio Solution File, Format Version 12.00
# Visual Studio Version 17
VisualStudioVersion = 17.13.35818.85 d17.13
MinimumVisualStudioVersion = 10.0.40219.1
Project("{FAE04EC0-301F-11D3-BF4B-00C04F79EFBC}") = "IdpServer", "IdpServer\IdpServer.csproj", "{3F242C5D-3D96-4504-BCFC-397948FCEF97}"
EndProject
Project("{FAE04EC0-301F-11D3-BF4B-00C04F79EFBC}") = "ResourceWeb", "ResourceWeb\ResourceWeb.csproj", "{0E9ABFE9-9A8E-4F05-8AE5-B2A5BE8F2992}"
EndProject
Global
	GlobalSection(SolutionConfigurationPlatforms) = preSolution
		Debug|Any CPU = Debug|Any CPU
		Release|Any CPU = Release|Any CPU
	EndGlobalSection
	GlobalSection(ProjectConfigurationPlatforms) = postSolution
		{3F242C5D-3D96-4504-BCFC-397948FCEF97}.Debug|Any CPU.ActiveCfg = Debug|Any CPU
		{3F242C5D-3D96-4504-BCFC-397948FCEF97}.Debug|Any CPU.Build.0 = Debug|Any CPU
		{3F242C5D-3D96-4504-BCFC-397948FCEF97}.Release|Any CPU.ActiveCfg = Release|Any CPU
		{3F242C5D-3D96-4504-BCFC-397948FCEF97}.Release|Any CPU.Build.0 = Release|Any CPU
		{0E9ABFE9-9A8E-4F05-8AE5-B2A5BE8F2992}.Debug|Any CPU.ActiveCfg = Debug|Any CPU
		{0E9ABFE9-9A8E-4F05-8AE5-B2A5BE8F2992}.Debug|Any CPU.Build.0 = Debug|Any CPU
		{0E9ABFE9-9A8E-4F05-8AE5-B2A5BE8F2992}.Release|Any CPU.ActiveCfg = Release|Any CPU
		{0E9ABFE9-9A8E-4F05-8AE5-B2A5BE8F2992}.Release|Any CPU.Build.0 = Release|Any CPU
	EndGlobalSection
	GlobalSection(SolutionProperties) = preSolution
		HideSolutionNode = FALSE
	EndGlobalSection
	GlobalSection(ExtensibilityGlobals) = postSolution
		SolutionGuid = {B1C894AD-E380-4FA1-88FA-7AC480E834C9}
	EndGlobalSection
EndGlobal
