
Microsoft Visual Studio Solution File, Format Version 12.00
# Visual Studio Version 17
VisualStudioVersion = 17.13.35818.85 d17.13
MinimumVisualStudioVersion = 10.0.40219.1
Project("{FAE04EC0-301F-11D3-BF4B-00C04F79EFBC}") = "WinApp", "WinApp\WinApp.csproj", "{BDA7252A-39A7-4AA3-908E-A73B33DC3D79}"
EndProject
Project("{FAE04EC0-301F-11D3-BF4B-00C04F79EFBC}") = "WebInterface", "WebInterface\WebInterface.csproj", "{1F8F4B00-C6FB-4B85-B8C0-FCC70814E8DA}"
EndProject
Global
	GlobalSection(SolutionConfigurationPlatforms) = preSolution
		Debug|Any CPU = Debug|Any CPU
		Release|Any CPU = Release|Any CPU
	EndGlobalSection
	GlobalSection(ProjectConfigurationPlatforms) = postSolution
		{BDA7252A-39A7-4AA3-908E-A73B33DC3D79}.Debug|Any CPU.ActiveCfg = Debug|Any CPU
		{BDA7252A-39A7-4AA3-908E-A73B33DC3D79}.Debug|Any CPU.Build.0 = Debug|Any CPU
		{BDA7252A-39A7-4AA3-908E-A73B33DC3D79}.Release|Any CPU.ActiveCfg = Release|Any CPU
		{BDA7252A-39A7-4AA3-908E-A73B33DC3D79}.Release|Any CPU.Build.0 = Release|Any CPU
		{1F8F4B00-C6FB-4B85-B8C0-FCC70814E8DA}.Debug|Any CPU.ActiveCfg = Debug|Any CPU
		{1F8F4B00-C6FB-4B85-B8C0-FCC70814E8DA}.Debug|Any CPU.Build.0 = Debug|Any CPU
		{1F8F4B00-C6FB-4B85-B8C0-FCC70814E8DA}.Release|Any CPU.ActiveCfg = Release|Any CPU
		{1F8F4B00-C6FB-4B85-B8C0-FCC70814E8DA}.Release|Any CPU.Build.0 = Release|Any CPU
	EndGlobalSection
	GlobalSection(SolutionProperties) = preSolution
		HideSolutionNode = FALSE
	EndGlobalSection
	GlobalSection(ExtensibilityGlobals) = postSolution
		SolutionGuid = {515402B3-A9DE-47A6-B67A-77714A021591}
	EndGlobalSection
EndGlobal
